
Microsoft Visual Studio Solution File, Format Version 12.00
# Visual Studio 15
VisualStudioVersion = 15.0.28010.2050
MinimumVisualStudioVersion = 10.0.40219.1
Project("{FAE04EC0-301F-11D3-BF4B-00C04F79EFBC}") = "windows media player", "windows media player\windows media player.csproj", "{B6440671-E272-4D08-96A7-F1FB041D7640}"
EndProject
Project("{FAE04EC0-301F-11D3-BF4B-00C04F79EFBC}") = "UnitTestProject1", "UnitTestProject1\UnitTestProject1.csproj", "{72CCAFF5-8609-4D46-8E51-E916FD6E6B31}"
EndProject
Global
	GlobalSection(SolutionConfigurationPlatforms) = preSolution
		Debug|Any CPU = Debug|Any CPU
		Release|Any CPU = Release|Any CPU
	EndGlobalSection
	GlobalSection(ProjectConfigurationPlatforms) = postSolution
		{B6440671-E272-4D08-96A7-F1FB041D7640}.Debug|Any CPU.ActiveCfg = Debug|Any CPU
		{B6440671-E272-4D08-96A7-F1FB041D7640}.Debug|Any CPU.Build.0 = Debug|Any CPU
		{B6440671-E272-4D08-96A7-F1FB041D7640}.Release|Any CPU.ActiveCfg = Release|Any CPU
		{B6440671-E272-4D08-96A7-F1FB041D7640}.Release|Any CPU.Build.0 = Release|Any CPU
		{72CCAFF5-8609-4D46-8E51-E916FD6E6B31}.Debug|Any CPU.ActiveCfg = Debug|Any CPU
		{72CCAFF5-8609-4D46-8E51-E916FD6E6B31}.Debug|Any CPU.Build.0 = Debug|Any CPU
		{72CCAFF5-8609-4D46-8E51-E916FD6E6B31}.Release|Any CPU.ActiveCfg = Release|Any CPU
		{72CCAFF5-8609-4D46-8E51-E916FD6E6B31}.Release|Any CPU.Build.0 = Release|Any CPU
	EndGlobalSection
	GlobalSection(SolutionProperties) = preSolution
		HideSolutionNode = FALSE
	EndGlobalSection
	GlobalSection(ExtensibilityGlobals) = postSolution
		SolutionGuid = {97701A0F-B966-4248-878E-2DA30C138A27}
	EndGlobalSection
EndGlobal
